{
  "name": "tool-decode-raw-transaction",
  "version": "1.0.0",
  "lockfileVersion": 1,
  "requires": true,
  "dependencies": {
    "aion-lib": {
      "version": "1.1.4",
      "resolved": "https://registry.npm.taobao.org/aion-lib/download/aion-lib-1.1.4.tgz",
      "integrity": "sha1-04AjMFlSLHo9K2byn6L63WXy2TA=",
      "requires": {
        "blake2b": "^2.1.2",
        "bn.js": "^4.11.8",
        "crypto-browserify": "^3.12.0",
        "js-sha3": "^0.7.0",
        "lodash.padend": "^4.6.1",
        "lodash.padstart": "^4.6.1",
        "number-to-bn": "^1.7.0",
        "randomhex": "^0.1.5",
        "scryptsy": "^2.0.0",
        "tweetnacl": "^1.0.0",
        "underscore": "^1.8.3"
      },
      "dependencies": {
        "bn.js": {
          "version": "4.11.8",
          "resolved": "https://registry.npm.taobao.org/bn.js/download/bn.js-4.11.8.tgz",
          "integrity": "sha1-LN4J617jQfSEdGuwMJsyU7GxRC8="
        }
      }
    },
    "aion-rlp": {
      "version": "0.0.1",
      "resolved": "https://registry.npm.taobao.org/aion-rlp/download/aion-rlp-0.0.1.tgz",
      "integrity": "sha1-/pXHLm+o5BmXlhBRAEBU/7yqWyo=",
      "requires": {
        "bn.js": "^4.11.8",
        "safe-buffer": "^5.1.2"
      },
      "dependencies": {
        "bn.js": {
          "version": "4.11.8",
          "resolved": "https://registry.npm.taobao.org/bn.js/download/bn.js-4.11.8.tgz",
          "integrity": "sha1-LN4J617jQfSEdGuwMJsyU7GxRC8="
        }
      }
    },
    "aion-web3-avm-abi": {
      "version": "1.2.6-beta.6",
      "resolved": "https://registry.npm.taobao.org/aion-web3-avm-abi/download/aion-web3-avm-abi-1.2.6-beta.6.tgz",
      "integrity": "sha1-SdcR6Ph5GZhxAcLZF1ZT9T8Tm04=",
      "requires": {
        "aion-lib": "1.1.4",
        "aion-web3-utils": "1.1.4",
        "bignumber.js": "9.0.0",
        "bn.js": "^4.11.8",
        "safe-buffer": "^5.1.2",
        "underscore": "1.8.3"
      },
      "dependencies": {
        "bn.js": {
          "version": "4.11.8",
          "resolved": "https://registry.npm.taobao.org/bn.js/download/bn.js-4.11.8.tgz",
          "integrity": "sha1-LN4J617jQfSEdGuwMJsyU7GxRC8="
        }
      }
    },
    "aion-web3-utils": {
      "version": "1.1.4",
      "resolved": "https://registry.npm.taobao.org/aion-web3-utils/download/aion-web3-utils-1.1.4.tgz",
      "integrity": "sha1-KaNcR+SfY9rRCZbLrnrTnBZO1B8=",
      "requires": {
        "aion-lib": "1.1.4",
        "bn.js": "4.11.6",
        "ethjs-unit": "0.1.6",
        "number-to-bn": "1.7.0",
        "randomhex": "0.1.5",
        "safe-buffer": "^5.1.2",
        "underscore": "1.8.3",
        "utf8": "2.1.1"
      },
      "dependencies": {
        "bn.js": {
          "version": "4.11.6",
          "resolved": "https://registry.npm.taobao.org/bn.js/download/bn.js-4.11.6.tgz",
          "integrity": "sha1-UzRK2xRhehP26N0s4okF0cC6MhU="
        }
      }
    },
    "asn1.js": {
      "version": "4.10.1",
      "resolved": "https://registry.npm.taobao.org/asn1.js/download/asn1.js-4.10.1.tgz",
      "integrity": "sha1-ucK/WAXx5kqt7tbfOiv6+1pz9aA=",
      "requires": {
        "bn.js": "^4.0.0",
        "inherits": "^2.0.1",
        "minimalistic-assert": "^1.0.0"
      },
      "dependencies": {
        "bn.js": {
          "version": "4.11.8",
          "resolved": "https://registry.npm.taobao.org/bn.js/download/bn.js-4.11.8.tgz",
          "integrity": "sha1-LN4J617jQfSEdGuwMJsyU7GxRC8="
        }
      }
    },
    "bignumber.js": {
      "version": "9.0.0",
      "resolved": "https://registry.npm.taobao.org/bignumber.js/download/bignumber.js-9.0.0.tgz",
      "integrity": "sha1-gFiA+Eoym16sbny2+CdLbYK98HU="
    },
    "blake2b": {
      "version": "2.1.3",
      "resolved": "https://registry.npm.taobao.org/blake2b/download/blake2b-2.1.3.tgz",
      "integrity": "sha1-9TiL5CR2jnxjJwJdrQw8bYM1G8o=",
      "requires": {
        "blake2b-wasm": "^1.1.0",
        "nanoassert": "^1.0.0"
      }
    },
    "blake2b-wasm": {
      "version": "1.1.7",
      "resolved": "https://registry.npm.taobao.org/blake2b-wasm/download/blake2b-wasm-1.1.7.tgz",
      "integrity": "sha1-5NB12hAGjl1MPsH7mszE0YbFXYE=",
      "requires": {
        "nanoassert": "^1.0.0"
      }
    },
    "bn.js": {
      "version": "5.1.1",
      "resolved": "https://registry.npm.taobao.org/bn.js/download/bn.js-5.1.1.tgz",
      "integrity": "sha1-SO/EAxqcQEG5yZxpQdkDRjq2LrU="
    },
    "brorand": {
      "version": "1.1.0",
      "resolved": "https://registry.npm.taobao.org/brorand/download/brorand-1.1.0.tgz",
      "integrity": "sha1-EsJe/kCkXjwyPrhnWgoM5XsiNx8="
    },
    "browserify-aes": {
      "version": "1.2.0",
      "resolved": "https://registry.npm.taobao.org/browserify-aes/download/browserify-aes-1.2.0.tgz",
      "integrity": "sha1-Mmc0ZC9APavDADIJhTu3CtQo70g=",
      "requires": {
        "buffer-xor": "^1.0.3",
        "cipher-base": "^1.0.0",
        "create-hash": "^1.1.0",
        "evp_bytestokey": "^1.0.3",
        "inherits": "^2.0.1",
        "safe-buffer": "^5.0.1"
      }
    },
    "browserify-cipher": {
      "version": "1.0.1",
      "resolved": "https://registry.npm.taobao.org/browserify-cipher/download/browserify-cipher-1.0.1.tgz",
      "integrity": "sha1-jWR0wbhwv9q807z8wZNKEOlPFfA=",
      "requires": {
        "browserify-aes": "^1.0.4",
        "browserify-des": "^1.0.0",
        "evp_bytestokey": "^1.0.0"
      }
    },
    "browserify-des": {
      "version": "1.0.2",
      "resolved": "https://registry.npm.taobao.org/browserify-des/download/browserify-des-1.0.2.tgz",
      "integrity": "sha1-OvTx9Zg5QDVy8cZiBDdfen9wPpw=",
      "requires": {
        "cipher-base": "^1.0.1",
        "des.js": "^1.0.0",
        "inherits": "^2.0.1",
        "safe-buffer": "^5.1.2"
      }
    },
    "browserify-rsa": {
      "version": "4.0.1",
      "resolved": "https://registry.npm.taobao.org/browserify-rsa/download/browserify-rsa-4.0.1.tgz",
      "integrity": "sha1-IeCr+vbyApzy+vsTNWenAdQTVSQ=",
      "requires": {
        "bn.js": "^4.1.0",
        "randombytes": "^2.0.1"
      },
      "dependencies": {
        "bn.js": {
          "version": "4.11.8",
          "resolved": "https://registry.npm.taobao.org/bn.js/download/bn.js-4.11.8.tgz",
          "integrity": "sha1-LN4J617jQfSEdGuwMJsyU7GxRC8="
        }
      }
    },
    "browserify-sign": {
      "version": "4.0.4",
      "resolved": "https://registry.npm.taobao.org/browserify-sign/download/browserify-sign-4.0.4.tgz",
      "integrity": "sha1-qk62jl17ZYuqa/alfmMMvXqT0pg=",
      "requires": {
        "bn.js": "^4.1.1",
        "browserify-rsa": "^4.0.0",
        "create-hash": "^1.1.0",
        "create-hmac": "^1.1.2",
        "elliptic": "^6.0.0",
        "inherits": "^2.0.1",
        "parse-asn1": "^5.0.0"
      },
      "dependencies": {
        "bn.js": {
          "version": "4.11.8",
          "resolved": "https://registry.npm.taobao.org/bn.js/download/bn.js-4.11.8.tgz",
          "integrity": "sha1-LN4J617jQfSEdGuwMJsyU7GxRC8="
        }
      }
    },
    "buffer-xor": {
      "version": "1.0.3",
      "resolved": "https://registry.npm.taobao.org/buffer-xor/download/buffer-xor-1.0.3.tgz",
      "integrity": "sha1-JuYe0UIvtw3ULm42cp7VHYVf6Nk="
    },
    "cipher-base": {
      "version": "1.0.4",
      "resolved": "https://registry.npm.taobao.org/cipher-base/download/cipher-base-1.0.4.tgz",
      "integrity": "sha1-h2Dk7MJy9MNjUy+SbYdKriwTl94=",
      "requires": {
        "inherits": "^2.0.1",
        "safe-buffer": "^5.0.1"
      }
    },
    "create-ecdh": {
      "version": "4.0.3",
      "resolved": "https://registry.npm.taobao.org/create-ecdh/download/create-ecdh-4.0.3.tgz",
      "integrity": "sha1-yREbbzMEXEaX8UR4f5JUzcd8Rf8=",
      "requires": {
        "bn.js": "^4.1.0",
        "elliptic": "^6.0.0"
      },
      "dependencies": {
        "bn.js": {
          "version": "4.11.8",
          "resolved": "https://registry.npm.taobao.org/bn.js/download/bn.js-4.11.8.tgz",
          "integrity": "sha1-LN4J617jQfSEdGuwMJsyU7GxRC8="
        }
      }
    },
    "create-hash": {
      "version": "1.2.0",
      "resolved": "https://registry.npm.taobao.org/create-hash/download/create-hash-1.2.0.tgz",
      "integrity": "sha1-iJB4rxGmN1a8+1m9IhmWvjqe8ZY=",
      "requires": {
        "cipher-base": "^1.0.1",
        "inherits": "^2.0.1",
        "md5.js": "^1.3.4",
        "ripemd160": "^2.0.1",
        "sha.js": "^2.4.0"
      }
    },
    "create-hmac": {
      "version": "1.1.7",
      "resolved": "https://registry.npm.taobao.org/create-hmac/download/create-hmac-1.1.7.tgz",
      "integrity": "sha1-aRcMeLOrlXFHsriwRXLkfq0iQ/8=",
      "requires": {
        "cipher-base": "^1.0.3",
        "create-hash": "^1.1.0",
        "inherits": "^2.0.1",
        "ripemd160": "^2.0.0",
        "safe-buffer": "^5.0.1",
        "sha.js": "^2.4.8"
      }
    },
    "crypto-browserify": {
      "version": "3.12.0",
      "resolved": "https://registry.npm.taobao.org/crypto-browserify/download/crypto-browserify-3.12.0.tgz",
      "integrity": "sha1-OWz58xN/A+S45TLFj2mCVOAPgOw=",
      "requires": {
        "browserify-cipher": "^1.0.0",
        "browserify-sign": "^4.0.0",
        "create-ecdh": "^4.0.0",
        "create-hash": "^1.1.0",
        "create-hmac": "^1.1.0",
        "diffie-hellman": "^5.0.0",
        "inherits": "^2.0.1",
        "pbkdf2": "^3.0.3",
        "public-encrypt": "^4.0.0",
        "randombytes": "^2.0.0",
        "randomfill": "^1.0.3"
      }
    },
    "des.js": {
      "version": "1.0.1",
      "resolved": "https://registry.npm.taobao.org/des.js/download/des.js-1.0.1.tgz",
      "integrity": "sha1-U4IULhvcU/hdhtU+X0qn3rkeCEM=",
      "requires": {
        "inherits": "^2.0.1",
        "minimalistic-assert": "^1.0.0"
      }
    },
    "diffie-hellman": {
      "version": "5.0.3",
      "resolved": "https://registry.npm.taobao.org/diffie-hellman/download/diffie-hellman-5.0.3.tgz",
      "integrity": "sha1-QOjumPVaIUlgcUaSHGPhrl89KHU=",
      "requires": {
        "bn.js": "^4.1.0",
        "miller-rabin": "^4.0.0",
        "randombytes": "^2.0.0"
      },
      "dependencies": {
        "bn.js": {
          "version": "4.11.8",
          "resolved": "https://registry.npm.taobao.org/bn.js/download/bn.js-4.11.8.tgz",
          "integrity": "sha1-LN4J617jQfSEdGuwMJsyU7GxRC8="
        }
      }
    },
    "elliptic": {
      "version": "6.5.2",
      "resolved": "https://registry.npm.taobao.org/elliptic/download/elliptic-6.5.2.tgz",
      "integrity": "sha1-BcVnjXFzwEnYykM1UiJKSV0ON2I=",
      "requires": {
        "bn.js": "^4.4.0",
        "brorand": "^1.0.1",
        "hash.js": "^1.0.0",
        "hmac-drbg": "^1.0.0",
        "inherits": "^2.0.1",
        "minimalistic-assert": "^1.0.0",
        "minimalistic-crypto-utils": "^1.0.0"
      },
      "dependencies": {
        "bn.js": {
          "version": "4.11.8",
          "resolved": "https://registry.npm.taobao.org/bn.js/download/bn.js-4.11.8.tgz",
          "integrity": "sha1-LN4J617jQfSEdGuwMJsyU7GxRC8="
        }
      }
    },
    "ethjs-unit": {
      "version": "0.1.6",
      "resolved": "https://registry.npm.taobao.org/ethjs-unit/download/ethjs-unit-0.1.6.tgz",
      "integrity": "sha1-xmWSHkduh7ziqdWIpv4EBbLEFpk=",
      "requires": {
        "bn.js": "4.11.6",
        "number-to-bn": "1.7.0"
      },
      "dependencies": {
        "bn.js": {
          "version": "4.11.6",
          "resolved": "https://registry.npm.taobao.org/bn.js/download/bn.js-4.11.6.tgz",
          "integrity": "sha1-UzRK2xRhehP26N0s4okF0cC6MhU="
        }
      }
    },
    "evp_bytestokey": {
      "version": "1.0.3",
      "resolved": "https://registry.npm.taobao.org/evp_bytestokey/download/evp_bytestokey-1.0.3.tgz",
      "integrity": "sha1-f8vbGY3HGVlDLv4ThCaE4FJaywI=",
      "requires": {
        "md5.js": "^1.3.4",
        "safe-buffer": "^5.1.1"
      }
    },
    "hash-base": {
      "version": "3.0.4",
      "resolved": "https://registry.npm.taobao.org/hash-base/download/hash-base-3.0.4.tgz",
      "integrity": "sha1-X8hoaEfs1zSZQDMZprCj8/auSRg=",
      "requires": {
        "inherits": "^2.0.1",
        "safe-buffer": "^5.0.1"
      }
    },
    "hash.js": {
      "version": "1.1.7",
      "resolved": "https://registry.npm.taobao.org/hash.js/download/hash.js-1.1.7.tgz",
      "integrity": "sha1-C6vKU46NTuSg+JiNaIZlN6ADz0I=",
      "requires": {
        "inherits": "^2.0.3",
        "minimalistic-assert": "^1.0.1"
      }
    },
    "hmac-drbg": {
      "version": "1.0.1",
      "resolved": "https://registry.npm.taobao.org/hmac-drbg/download/hmac-drbg-1.0.1.tgz",
      "integrity": "sha1-0nRXAQJabHdabFRXk+1QL8DGSaE=",
      "requires": {
        "hash.js": "^1.0.3",
        "minimalistic-assert": "^1.0.0",
        "minimalistic-crypto-utils": "^1.0.1"
      }
    },
    "inherits": {
      "version": "2.0.4",
      "resolved": "https://registry.npm.taobao.org/inherits/download/inherits-2.0.4.tgz?cache=0&other_urls=https%3A%2F%2Fregistry.npm.taobao.org%2Finherits%2Fdownload%2Finherits-2.0.4.tgz",
      "integrity": "sha1-D6LGT5MpF8NDOg3tVTY6rjdBa3w="
    },
    "is-hex-prefixed": {
      "version": "1.0.0",
      "resolved": "https://registry.npm.taobao.org/is-hex-prefixed/download/is-hex-prefixed-1.0.0.tgz",
      "integrity": "sha1-fY035q135dEnFIkTxXPggtd39VQ="
    },
    "js-sha3": {
      "version": "0.7.0",
      "resolved": "https://registry.npm.taobao.org/js-sha3/download/js-sha3-0.7.0.tgz?cache=0&other_urls=https%3A%2F%2Fregistry.npm.taobao.org%2Fjs-sha3%2Fdownload%2Fjs-sha3-0.7.0.tgz",
      "integrity": "sha1-ClxXs295iCVzsthAUfi7hd0b1jo="
    },
    "lib-contract": {
      "version": "git+https://github.com/makkii-dev/lib-contract.git#cc53e3a5c8d18ba9539feda96671d2dae9daf470",
      "from": "git+https://github.com/makkii-dev/lib-contract.git",
      "requires": {
        "aion-web3-avm-abi": "1.2.6-beta.6"
      }
    },
    "lib-keypair": {
      "version": "git+https://github.com/makkii-dev/lib-keypair.git#ffe7418f7cf4e1dedf786b28964bc80ffa9d13e4",
      "from": "git+https://github.com/makkii-dev/lib-keypair.git",
      "requires": {
        "aion-rlp": "0.0.1",
        "blake2b": "^2.1.3",
        "bn.js": "^5.1.1",
        "tweetnacl": "^1.0.3"
      }
    },
    "lodash.padend": {
      "version": "4.6.1",
      "resolved": "https://registry.npm.taobao.org/lodash.padend/download/lodash.padend-4.6.1.tgz",
      "integrity": "sha1-U8y6BH0G4VjTEfRdpiX05J5vFm4="
    },
    "lodash.padstart": {
      "version": "4.6.1",
      "resolved": "https://registry.npm.taobao.org/lodash.padstart/download/lodash.padstart-4.6.1.tgz?cache=0&other_urls=https%3A%2F%2Fregistry.npm.taobao.org%2Flodash.padstart%2Fdownload%2Flodash.padstart-4.6.1.tgz",
      "integrity": "sha1-0uPuv/DZ05rVD1y9G1KnvOa7YRs="
    },
    "md5.js": {
      "version": "1.3.5",
      "resolved": "https://registry.npm.taobao.org/md5.js/download/md5.js-1.3.5.tgz",
      "integrity": "sha1-tdB7jjIW4+J81yjXL3DR5qNCAF8=",
      "requires": {
        "hash-base": "^3.0.0",
        "inherits": "^2.0.1",
        "safe-buffer": "^5.1.2"
      }
    },
    "miller-rabin": {
      "version": "4.0.1",
      "resolved": "https://registry.npm.taobao.org/miller-rabin/download/miller-rabin-4.0.1.tgz",
      "integrity": "sha1-8IA1HIZbDcViqEYpZtqlNUPHik0=",
      "requires": {
        "bn.js": "^4.0.0",
        "brorand": "^1.0.1"
      },
      "dependencies": {
        "bn.js": {
          "version": "4.11.8",
          "resolved": "https://registry.npm.taobao.org/bn.js/download/bn.js-4.11.8.tgz",
          "integrity": "sha1-LN4J617jQfSEdGuwMJsyU7GxRC8="
        }
      }
    },
    "minimalistic-assert": {
      "version": "1.0.1",
      "resolved": "https://registry.npm.taobao.org/minimalistic-assert/download/minimalistic-assert-1.0.1.tgz",
      "integrity": "sha1-LhlN4ERibUoQ5/f7wAznPoPk1cc="
    },
    "minimalistic-crypto-utils": {
      "version": "1.0.1",
      "resolved": "https://registry.npm.taobao.org/minimalistic-crypto-utils/download/minimalistic-crypto-utils-1.0.1.tgz",
      "integrity": "sha1-9sAMHAsIIkblxNmd+4x8CDsrWCo="
    },
    "nanoassert": {
      "version": "1.1.0",
      "resolved": "https://registry.npm.taobao.org/nanoassert/download/nanoassert-1.1.0.tgz",
      "integrity": "sha1-TzFS4JVA/eKMdvRLGbvNHVpCR40="
    },
    "number-to-bn": {
      "version": "1.7.0",
      "resolved": "https://registry.npm.taobao.org/number-to-bn/download/number-to-bn-1.7.0.tgz",
      "integrity": "sha1-uzYjWS9+X54AMLGXe9QaDFP+HqA=",
      "requires": {
        "bn.js": "4.11.6",
        "strip-hex-prefix": "1.0.0"
      },
      "dependencies": {
        "bn.js": {
          "version": "4.11.6",
          "resolved": "https://registry.npm.taobao.org/bn.js/download/bn.js-4.11.6.tgz",
          "integrity": "sha1-UzRK2xRhehP26N0s4okF0cC6MhU="
        }
      }
    },
    "parse-asn1": {
      "version": "5.1.5",
      "resolved": "https://registry.npm.taobao.org/parse-asn1/download/parse-asn1-5.1.5.tgz?cache=0&other_urls=https%3A%2F%2Fregistry.npm.taobao.org%2Fparse-asn1%2Fdownload%2Fparse-asn1-5.1.5.tgz",
      "integrity": "sha1-ADJxND2ljclMrOSU+u89IUfs6g4=",
      "requires": {
        "asn1.js": "^4.0.0",
        "browserify-aes": "^1.0.0",
        "create-hash": "^1.1.0",
        "evp_bytestokey": "^1.0.0",
        "pbkdf2": "^3.0.3",
        "safe-buffer": "^5.1.1"
      }
    },
    "pbkdf2": {
      "version": "3.0.17",
      "resolved": "https://registry.npm.taobao.org/pbkdf2/download/pbkdf2-3.0.17.tgz",
      "integrity": "sha1-l2wgZTBhexTrsyEUI597CTNuk6Y=",
      "requires": {
        "create-hash": "^1.1.2",
        "create-hmac": "^1.1.4",
        "ripemd160": "^2.0.1",
        "safe-buffer": "^5.0.1",
        "sha.js": "^2.4.8"
      }
    },
    "public-encrypt": {
      "version": "4.0.3",
      "resolved": "https://registry.npm.taobao.org/public-encrypt/download/public-encrypt-4.0.3.tgz",
      "integrity": "sha1-T8ydd6B+SLp1J+fL4N4z0HATMeA=",
      "requires": {
        "bn.js": "^4.1.0",
        "browserify-rsa": "^4.0.0",
        "create-hash": "^1.1.0",
        "parse-asn1": "^5.0.0",
        "randombytes": "^2.0.1",
        "safe-buffer": "^5.1.2"
      },
      "dependencies": {
        "bn.js": {
          "version": "4.11.8",
          "resolved": "https://registry.npm.taobao.org/bn.js/download/bn.js-4.11.8.tgz",
          "integrity": "sha1-LN4J617jQfSEdGuwMJsyU7GxRC8="
        }
      }
    },
    "randombytes": {
      "version": "2.1.0",
      "resolved": "https://registry.npm.taobao.org/randombytes/download/randombytes-2.1.0.tgz",
      "integrity": "sha1-32+ENy8CcNxlzfYpE0mrekc9Tyo=",
      "requires": {
        "safe-buffer": "^5.1.0"
      }
    },
    "randomfill": {
      "version": "1.0.4",
      "resolved": "https://registry.npm.taobao.org/randomfill/download/randomfill-1.0.4.tgz",
      "integrity": "sha1-ySGW/IarQr6YPxvzF3giSTHWFFg=",
      "requires": {
        "randombytes": "^2.0.5",
        "safe-buffer": "^5.1.0"
      }
    },
    "randomhex": {
      "version": "0.1.5",
      "resolved": "https://registry.npm.taobao.org/randomhex/download/randomhex-0.1.5.tgz",
      "integrity": "sha1-us7vmCMpCRQA8qKRLGzQLxCU9YU="
    },
    "ripemd160": {
      "version": "2.0.2",
      "resolved": "https://registry.npm.taobao.org/ripemd160/download/ripemd160-2.0.2.tgz",
      "integrity": "sha1-ocGm9iR1FXe6XQeRTLyShQWFiQw=",
      "requires": {
        "hash-base": "^3.0.0",
        "inherits": "^2.0.1"
      }
    },
    "safe-buffer": {
      "version": "5.2.0",
      "resolved": "https://registry.npm.taobao.org/safe-buffer/download/safe-buffer-5.2.0.tgz?cache=0&sync_timestamp=1562377642757&other_urls=https%3A%2F%2Fregistry.npm.taobao.org%2Fsafe-buffer%2Fdownload%2Fsafe-buffer-5.2.0.tgz",
      "integrity": "sha1-t02uxJsRSPiMZLaNSbHoFcHy9Rk="
    },
    "scryptsy": {
      "version": "2.1.0",
      "resolved": "https://registry.npm.taobao.org/scryptsy/download/scryptsy-2.1.0.tgz",
      "integrity": "sha1-jR6NDAJbWP3SW2+poNyQXuj6p5A="
    },
    "sha.js": {
      "version": "2.4.11",
      "resolved": "https://registry.npm.taobao.org/sha.js/download/sha.js-2.4.11.tgz?cache=0&other_urls=https%3A%2F%2Fregistry.npm.taobao.org%2Fsha.js%2Fdownload%2Fsha.js-2.4.11.tgz",
      "integrity": "sha1-N6XPC4HsvGlD3hCbopYNGyZYSuc=",
      "requires": {
        "inherits": "^2.0.1",
        "safe-buffer": "^5.0.1"
      }
    },
    "strip-hex-prefix": {
      "version": "1.0.0",
      "resolved": "https://registry.npm.taobao.org/strip-hex-prefix/download/strip-hex-prefix-1.0.0.tgz",
      "integrity": "sha1-DF8VX+8RUTczd96du1iNoFUA428=",
      "requires": {
        "is-hex-prefixed": "1.0.0"
      }
    },
    "tweetnacl": {
      "version": "1.0.3",
      "resolved": "https://registry.npm.taobao.org/tweetnacl/download/tweetnacl-1.0.3.tgz?cache=0&sync_timestamp=1581364252466&other_urls=https%3A%2F%2Fregistry.npm.taobao.org%2Ftweetnacl%2Fdownload%2Ftweetnacl-1.0.3.tgz",
      "integrity": "sha1-rAr3FoBFjYpjeNDQ0FCrFAfTVZY="
    },
    "underscore": {
      "version": "1.8.3",
      "resolved": "https://registry.npm.taobao.org/underscore/download/underscore-1.8.3.tgz",
      "integrity": "sha1-Tz+1OxBuYJf8+ctBCfKl6b36UCI="
    },
    "utf8": {
      "version": "2.1.1",
      "resolved": "https://registry.npm.taobao.org/utf8/download/utf8-2.1.1.tgz",
      "integrity": "sha1-LgHbAvfY0JRPdxBPFgnrDDBM92g="
    }
  }
}
